github.com/pvmtriet232/go-app v0.0.0-20230305101212-467c7b96a718 h1:dQ32lQfJsBfeoKROFWaeuNlzDjwWSdthhxWfnwhBsbA=
github.com/pvmtriet232/go-app v0.0.0-20230305101212-467c7b96a718/go.mod h1:FZW+W/KTAYdhbQpFAhkvdaPwZ4wzsaOZY9VU5kLEv7Y=
github.com/pvmtriet232/go-app v0.0.0-20230305103953-45948ac4b14e h1:qruMYKycyFEoKMX4/PDzcKSyoUl3iftnP9/2pI6jEl0=
github.com/pvmtriet232/go-app v0.0.0-20230305103953-45948ac4b14e/go.mod h1:FZW+W/KTAYdhbQpFAhkvdaPwZ4wzsaOZY9VU5kLEv7Y=
